
Microsoft Visual Studio Solution File, Format Version 12.00
# Visual Studio Version 17
VisualStudioVersion = 17.6.33815.320
MinimumVisualStudioVersion = 10.0.40219.1
Project("{9A19103F-16F7-4668-BE54-9A1E7A4F7556}") = "Task4", "Task1\Task4.csproj", "{B4828D59-47F4-41BF-A679-F80126902960}"
EndProject
Project("{9A19103F-16F7-4668-BE54-9A1E7A4F7556}") = "WinFormsApp1-3", "WinFormsApp1\WinFormsApp1-3.csproj", "{1B79BFC6-4759-4B5E-8E2F-EA7DF79C62A7}"
EndProject
Project("{FAE04EC0-301F-11D3-BF4B-00C04F79EFBC}") = "Task5", "Task5\Task5.csproj", "{6B6B3D86-D826-4E59-8230-6CF970EF7B12}"
EndProject
Global
	GlobalSection(SolutionConfigurationPlatforms) = preSolution
		Debug|Any CPU = Debug|Any CPU
		Release|Any CPU = Release|Any CPU
	EndGlobalSection
	GlobalSection(ProjectConfigurationPlatforms) = postSolution
		{B4828D59-47F4-41BF-A679-F80126902960}.Debug|Any CPU.ActiveCfg = Debug|Any CPU
		{B4828D59-47F4-41BF-A679-F80126902960}.Debug|Any CPU.Build.0 = Debug|Any CPU
		{B4828D59-47F4-41BF-A679-F80126902960}.Release|Any CPU.ActiveCfg = Release|Any CPU
		{B4828D59-47F4-41BF-A679-F80126902960}.Release|Any CPU.Build.0 = Release|Any CPU
		{1B79BFC6-4759-4B5E-8E2F-EA7DF79C62A7}.Debug|Any CPU.ActiveCfg = Debug|Any CPU
		{1B79BFC6-4759-4B5E-8E2F-EA7DF79C62A7}.Debug|Any CPU.Build.0 = Debug|Any CPU
		{1B79BFC6-4759-4B5E-8E2F-EA7DF79C62A7}.Release|Any CPU.ActiveCfg = Release|Any CPU
		{1B79BFC6-4759-4B5E-8E2F-EA7DF79C62A7}.Release|Any CPU.Build.0 = Release|Any CPU
		{6B6B3D86-D826-4E59-8230-6CF970EF7B12}.Debug|Any CPU.ActiveCfg = Debug|Any CPU
		{6B6B3D86-D826-4E59-8230-6CF970EF7B12}.Debug|Any CPU.Build.0 = Debug|Any CPU
		{6B6B3D86-D826-4E59-8230-6CF970EF7B12}.Release|Any CPU.ActiveCfg = Release|Any CPU
		{6B6B3D86-D826-4E59-8230-6CF970EF7B12}.Release|Any CPU.Build.0 = Release|Any CPU
	EndGlobalSection
	GlobalSection(SolutionProperties) = preSolution
		HideSolutionNode = FALSE
	EndGlobalSection
	GlobalSection(ExtensibilityGlobals) = postSolution
		SolutionGuid = {A408BC77-78F5-4672-BE9E-81241DEE9C91}
	EndGlobalSection
EndGlobal
